
Microsoft Visual Studio Solution File, Format Version 12.00
# Visual Studio Version 17
VisualStudioVersion = 17.11.35303.130
MinimumVisualStudioVersion = 10.0.40219.1
Project("{FAE04EC0-301F-11D3-BF4B-00C04F79EFBC}") = "DVLD-Project", "DVLD-Project\DVLD-Project.csproj", "{B5A000A8-E914-4AB6-AB67-B15A0AFF664B}"
EndProject
Project("{FAE04EC0-301F-11D3-BF4B-00C04F79EFBC}") = "DVLD-Bussiness", "DVLD-BussinessLayer\DVLD-Bussiness.csproj", "{6CBCBEDA-A8C0-4FDC-B100-66C23D4FB03A}"
EndProject
Project("{FAE04EC0-301F-11D3-BF4B-00C04F79EFBC}") = "DVLD-DataAccess", "DVLD-DataAccessLayer\DVLD-DataAccess.csproj", "{A6A0E554-7BA2-4418-B282-2D3E392C99C5}"
EndProject
Global
	GlobalSection(SolutionConfigurationPlatforms) = preSolution
		Debug|Any CPU = Debug|Any CPU
		Release|Any CPU = Release|Any CPU
	EndGlobalSection
	GlobalSection(ProjectConfigurationPlatforms) = postSolution
		{B5A000A8-E914-4AB6-AB67-B15A0AFF664B}.Debug|Any CPU.ActiveCfg = Debug|Any CPU
		{B5A000A8-E914-4AB6-AB67-B15A0AFF664B}.Debug|Any CPU.Build.0 = Debug|Any CPU
		{B5A000A8-E914-4AB6-AB67-B15A0AFF664B}.Release|Any CPU.ActiveCfg = Release|Any CPU
		{B5A000A8-E914-4AB6-AB67-B15A0AFF664B}.Release|Any CPU.Build.0 = Release|Any CPU
		{6CBCBEDA-A8C0-4FDC-B100-66C23D4FB03A}.Debug|Any CPU.ActiveCfg = Debug|Any CPU
		{6CBCBEDA-A8C0-4FDC-B100-66C23D4FB03A}.Debug|Any CPU.Build.0 = Debug|Any CPU
		{6CBCBEDA-A8C0-4FDC-B100-66C23D4FB03A}.Release|Any CPU.ActiveCfg = Release|Any CPU
		{6CBCBEDA-A8C0-4FDC-B100-66C23D4FB03A}.Release|Any CPU.Build.0 = Release|Any CPU
		{A6A0E554-7BA2-4418-B282-2D3E392C99C5}.Debug|Any CPU.ActiveCfg = Debug|Any CPU
		{A6A0E554-7BA2-4418-B282-2D3E392C99C5}.Debug|Any CPU.Build.0 = Debug|Any CPU
		{A6A0E554-7BA2-4418-B282-2D3E392C99C5}.Release|Any CPU.ActiveCfg = Release|Any CPU
		{A6A0E554-7BA2-4418-B282-2D3E392C99C5}.Release|Any CPU.Build.0 = Release|Any CPU
	EndGlobalSection
	GlobalSection(SolutionProperties) = preSolution
		HideSolutionNode = FALSE
	EndGlobalSection
	GlobalSection(ExtensibilityGlobals) = postSolution
		SolutionGuid = {52399168-4911-4DC6-A01B-CB2461A5E7EB}
	EndGlobalSection
EndGlobal
